{
  "requires": true,
  "lockfileVersion": 1,
  "dependencies": {
    "css-tree": {
      "version": "1.0.0-alpha19",
      "resolved": "https://registry.npmjs.org/css-tree/-/css-tree-1.0.0-alpha19.tgz",
      "integrity": "sha1-lJqoRsLBWzl5eS6PzgX2tuPrytQ=",
      "requires": {
        "source-map": "0.5.6"
      }
    },
    "csso": {
      "version": "3.1.1",
      "resolved": "https://registry.npmjs.org/csso/-/csso-3.1.1.tgz",
      "integrity": "sha1-q0J1hEhsLgLhgDJ1EbCwKpF5wnI=",
      "requires": {
        "css-tree": "1.0.0-alpha19"
      }
    },
    "get-stdin": {
      "version": "https://registry.npmjs.org/get-stdin/-/get-stdin-5.0.1.tgz",
      "integrity": "sha1-Ei4WFZHiH/TFJTAwVpPyDmOTo5g="
    },
    "source-map": {
      "version": "0.5.6",
      "resolved": "https://registry.npmjs.org/source-map/-/source-map-0.5.6.tgz",
      "integrity": "sha1-dc449SvwczxafwwRjYEzSiu19BI="
    }
  }
}
