{
  "version": "2.1.0",
  "lockfileVersion": 1,
  "requires": true,
  "dependencies": {
    "css-tree": {
      "version": "1.0.0",
      "resolved": "https://registry.npmjs.org/css-tree/-/css-tree-1.0.0.tgz",
      "integrity": "sha512-CdVYz/Yuqw0VdKhXPBIgi8DO3NicJVYZNWeX9XcIuSp9ZoFT5IcleVRW07O5rMjdcx1mb+MEJPknTTEW7DdsYw==",
      "requires": {
        "mdn-data": "2.0.12",
        "source-map": "^0.6.1"
      }
    },
    "csso": {
      "version": "4.1.0",
      "resolved": "https://registry.npmjs.org/csso/-/csso-4.1.0.tgz",
      "integrity": "sha512-h+6w/W1WqXaJA4tb1dk7r5tVbOm97MsKxzwnvOR04UQ6GILroryjMWu3pmCCtL2mLaEStQ0fZgeGiy99mo7iyg==",
      "requires": {
        "css-tree": "^1.0.0"
      }
    },
    "get-stdin": {
      "version": "8.0.0",
      "resolved": "https://registry.npmjs.org/get-stdin/-/get-stdin-8.0.0.tgz",
      "integrity": "sha512-sY22aA6xchAzprjyqmSEQv4UbAAzRN0L2dQB0NlN5acTTK9Don6nhoc3eAbUnpZiCANAMfd/+40kVdKfFygohg=="
    },
    "mdn-data": {
      "version": "2.0.12",
      "resolved": "https://registry.npmjs.org/mdn-data/-/mdn-data-2.0.12.tgz",
      "integrity": "sha512-ULbAlgzVb8IqZ0Hsxm6hHSlQl3Jckst2YEQS7fODu9ilNWy2LvcoSY7TRFIktABP2mdppBioc66va90T+NUs8Q=="
    },
    "source-map": {
      "version": "0.6.1",
      "resolved": "https://registry.npmjs.org/source-map/-/source-map-0.6.1.tgz",
      "integrity": "sha512-UjgapumWlbMhkBgzT7Ykc5YXUT46F0iKu8SGXq0bcwP5dz/h0Plj6enJqjz1Zbq2l5WaqYnrVbwWOWMyF3F47g=="
    }
  }
}
