{
  "version": "1.1.0",
  "lockfileVersion": 1,
  "requires": true,
  "dependencies": {
    "css-tree": {
      "version": "1.0.0-alpha25",
      "resolved": "https://registry.npmjs.org/css-tree/-/css-tree-1.0.0-alpha25.tgz",
      "integrity": "sha512-XC6xLW/JqIGirnZuUWHXCHRaAjje2b3OIB0Vj5RIJo6mIi/AdJo30quQl5LxUl0gkXDIrTrFGbMlcZjyFplz1A==",
      "requires": {
        "mdn-data": "1.0.0",
        "source-map": "0.5.7"
      }
    },
    "csso": {
      "version": "3.4.0",
      "resolved": "https://registry.npmjs.org/csso/-/csso-3.4.0.tgz",
      "integrity": "sha1-V7J+9VPMy/WqlkxkF0hkHprxE/M=",
      "requires": {
        "css-tree": "1.0.0-alpha25"
      }
    },
    "get-stdin": {
      "version": "5.0.1",
      "resolved": "https://registry.npmjs.org/get-stdin/-/get-stdin-5.0.1.tgz",
      "integrity": "sha1-Ei4WFZHiH/TFJTAwVpPyDmOTo5g="
    },
    "mdn-data": {
      "version": "1.0.0",
      "resolved": "https://registry.npmjs.org/mdn-data/-/mdn-data-1.0.0.tgz",
      "integrity": "sha1-pp2dp2hHtNWDTBRl6iXAZTofv2Y="
    },
    "source-map": {
      "version": "0.5.7",
      "resolved": "https://registry.npmjs.org/source-map/-/source-map-0.5.7.tgz",
      "integrity": "sha1-igOdLRAh0i0eoUyA2OpGi6LvP8w="
    }
  }
}
